
Microsoft Visual Studio Solution File, Format Version 12.00
# Visual Studio Version 17
VisualStudioVersion = 17.2.32526.322
MinimumVisualStudioVersion = 10.0.40219.1
Project("{FAE04EC0-301F-11D3-BF4B-00C04F79EFBC}") = "bilsoft_mobil_app.Android", "bilsoft_mobil_app\bilsoft_mobil_app.Android\bilsoft_mobil_app.Android.csproj", "{7B674929-39FF-40C0-A30C-99360BFFC528}"
EndProject
Project("{FAE04EC0-301F-11D3-BF4B-00C04F79EFBC}") = "bilsoft_mobil_app.iOS", "bilsoft_mobil_app\bilsoft_mobil_app.iOS\bilsoft_mobil_app.iOS.csproj", "{DA20A1AF-B953-49DD-9D64-B76D80A9E1DF}"
EndProject
Project("{9A19103F-16F7-4668-BE54-9A1E7A4F7556}") = "bilsoft_mobil_app", "bilsoft_mobil_app\bilsoft_mobil_app\bilsoft_mobil_app.csproj", "{EA0B7065-001D-48A3-A2A8-DD7E7F7AC32E}"
EndProject
Project("{2150E333-8FDC-42A3-9474-1A3956D46DE8}") = "Solution Items", "Solution Items", "{89AC124F-2AE7-4AE9-8867-2AD05277A37C}"
	ProjectSection(SolutionItems) = preProject
		.editorconfig = .editorconfig
	EndProjectSection
EndProject
Global
	GlobalSection(SolutionConfigurationPlatforms) = preSolution
		Debug|Any CPU = Debug|Any CPU
		Debug|ARM = Debug|ARM
		Debug|ARM64 = Debug|ARM64
		Debug|iPhone = Debug|iPhone
		Debug|iPhoneSimulator = Debug|iPhoneSimulator
		Debug|x64 = Debug|x64
		Debug|x86 = Debug|x86
		Release|Any CPU = Release|Any CPU
		Release|ARM = Release|ARM
		Release|ARM64 = Release|ARM64
		Release|iPhone = Release|iPhone
		Release|iPhoneSimulator = Release|iPhoneSimulator
		Release|x64 = Release|x64
		Release|x86 = Release|x86
	EndGlobalSection
	GlobalSection(ProjectConfigurationPlatforms) = postSolution
		{7B674929-39FF-40C0-A30C-99360BFFC528}.Debug|Any CPU.ActiveCfg = Debug|Any CPU
		{7B674929-39FF-40C0-A30C-99360BFFC528}.Debug|Any CPU.Build.0 = Debug|Any CPU
		{7B674929-39FF-40C0-A30C-99360BFFC528}.Debug|Any CPU.Deploy.0 = Debug|Any CPU
		{7B674929-39FF-40C0-A30C-99360BFFC528}.Debug|ARM.ActiveCfg = Debug|Any CPU
		{7B674929-39FF-40C0-A30C-99360BFFC528}.Debug|ARM.Build.0 = Debug|Any CPU
		{7B674929-39FF-40C0-A30C-99360BFFC528}.Debug|ARM.Deploy.0 = Debug|Any CPU
		{7B674929-39FF-40C0-A30C-99360BFFC528}.Debug|ARM64.ActiveCfg = Debug|Any CPU
		{7B674929-39FF-40C0-A30C-99360BFFC528}.Debug|ARM64.Build.0 = Debug|Any CPU
		{7B674929-39FF-40C0-A30C-99360BFFC528}.Debug|ARM64.Deploy.0 = Debug|Any CPU
		{7B674929-39FF-40C0-A30C-99360BFFC528}.Debug|iPhone.ActiveCfg = Debug|Any CPU
		{7B674929-39FF-40C0-A30C-99360BFFC528}.Debug|iPhone.Build.0 = Debug|Any CPU
		{7B674929-39FF-40C0-A30C-99360BFFC528}.Debug|iPhone.Deploy.0 = Debug|Any CPU
		{7B674929-39FF-40C0-A30C-99360BFFC528}.Debug|iPhoneSimulator.ActiveCfg = Debug|Any CPU
		{7B674929-39FF-40C0-A30C-99360BFFC528}.Debug|iPhoneSimulator.Build.0 = Debug|Any CPU
		{7B674929-39FF-40C0-A30C-99360BFFC528}.Debug|iPhoneSimulator.Deploy.0 = Debug|Any CPU
		{7B674929-39FF-40C0-A30C-99360BFFC528}.Debug|x64.ActiveCfg = Debug|Any CPU
		{7B674929-39FF-40C0-A30C-99360BFFC528}.Debug|x64.Build.0 = Debug|Any CPU
		{7B674929-39FF-40C0-A30C-99360BFFC528}.Debug|x64.Deploy.0 = Debug|Any CPU
		{7B674929-39FF-40C0-A30C-99360BFFC528}.Debug|x86.ActiveCfg = Debug|Any CPU
		{7B674929-39FF-40C0-A30C-99360BFFC528}.Debug|x86.Build.0 = Debug|Any CPU
		{7B674929-39FF-40C0-A30C-99360BFFC528}.Debug|x86.Deploy.0 = Debug|Any CPU
		{7B674929-39FF-40C0-A30C-99360BFFC528}.Release|Any CPU.ActiveCfg = Release|Any CPU
		{7B674929-39FF-40C0-A30C-99360BFFC528}.Release|Any CPU.Build.0 = Release|Any CPU
		{7B674929-39FF-40C0-A30C-99360BFFC528}.Release|Any CPU.Deploy.0 = Release|Any CPU
		{7B674929-39FF-40C0-A30C-99360BFFC528}.Release|ARM.ActiveCfg = Release|Any CPU
		{7B674929-39FF-40C0-A30C-99360BFFC528}.Release|ARM.Build.0 = Release|Any CPU
		{7B674929-39FF-40C0-A30C-99360BFFC528}.Release|ARM.Deploy.0 = Release|Any CPU
		{7B674929-39FF-40C0-A30C-99360BFFC528}.Release|ARM64.ActiveCfg = Release|Any CPU
		{7B674929-39FF-40C0-A30C-99360BFFC528}.Release|ARM64.Build.0 = Release|Any CPU
		{7B674929-39FF-40C0-A30C-99360BFFC528}.Release|ARM64.Deploy.0 = Release|Any CPU
		{7B674929-39FF-40C0-A30C-99360BFFC528}.Release|iPhone.ActiveCfg = Release|Any CPU
		{7B674929-39FF-40C0-A30C-99360BFFC528}.Release|iPhone.Build.0 = Release|Any CPU
		{7B674929-39FF-40C0-A30C-99360BFFC528}.Release|iPhone.Deploy.0 = Release|Any CPU
		{7B674929-39FF-40C0-A30C-99360BFFC528}.Release|iPhoneSimulator.ActiveCfg = Release|Any CPU
		{7B674929-39FF-40C0-A30C-99360BFFC528}.Release|iPhoneSimulator.Build.0 = Release|Any CPU
		{7B674929-39FF-40C0-A30C-99360BFFC528}.Release|iPhoneSimulator.Deploy.0 = Release|Any CPU
		{7B674929-39FF-40C0-A30C-99360BFFC528}.Release|x64.ActiveCfg = Release|Any CPU
		{7B674929-39FF-40C0-A30C-99360BFFC528}.Release|x64.Build.0 = Release|Any CPU
		{7B674929-39FF-40C0-A30C-99360BFFC528}.Release|x64.Deploy.0 = Release|Any CPU
		{7B674929-39FF-40C0-A30C-99360BFFC528}.Release|x86.ActiveCfg = Release|Any CPU
		{7B674929-39FF-40C0-A30C-99360BFFC528}.Release|x86.Build.0 = Release|Any CPU
		{7B674929-39FF-40C0-A30C-99360BFFC528}.Release|x86.Deploy.0 = Release|Any CPU
		{DA20A1AF-B953-49DD-9D64-B76D80A9E1DF}.Debug|Any CPU.ActiveCfg = Debug|iPhone
		{DA20A1AF-B953-49DD-9D64-B76D80A9E1DF}.Debug|Any CPU.Build.0 = Debug|iPhone
		{DA20A1AF-B953-49DD-9D64-B76D80A9E1DF}.Debug|Any CPU.Deploy.0 = Debug|iPhone
		{DA20A1AF-B953-49DD-9D64-B76D80A9E1DF}.Debug|ARM.ActiveCfg = Debug|iPhoneSimulator
		{DA20A1AF-B953-49DD-9D64-B76D80A9E1DF}.Debug|ARM.Build.0 = Debug|iPhoneSimulator
		{DA20A1AF-B953-49DD-9D64-B76D80A9E1DF}.Debug|ARM64.ActiveCfg = Debug|iPhoneSimulator
		{DA20A1AF-B953-49DD-9D64-B76D80A9E1DF}.Debug|ARM64.Build.0 = Debug|iPhoneSimulator
		{DA20A1AF-B953-49DD-9D64-B76D80A9E1DF}.Debug|iPhone.ActiveCfg = Debug|iPhone
		{DA20A1AF-B953-49DD-9D64-B76D80A9E1DF}.Debug|iPhone.Build.0 = Debug|iPhone
		{DA20A1AF-B953-49DD-9D64-B76D80A9E1DF}.Debug|iPhone.Deploy.0 = Debug|iPhone
		{DA20A1AF-B953-49DD-9D64-B76D80A9E1DF}.Debug|iPhoneSimulator.ActiveCfg = Debug|iPhoneSimulator
		{DA20A1AF-B953-49DD-9D64-B76D80A9E1DF}.Debug|iPhoneSimulator.Build.0 = Debug|iPhoneSimulator
		{DA20A1AF-B953-49DD-9D64-B76D80A9E1DF}.Debug|iPhoneSimulator.Deploy.0 = Debug|iPhoneSimulator
		{DA20A1AF-B953-49DD-9D64-B76D80A9E1DF}.Debug|x64.ActiveCfg = Debug|iPhoneSimulator
		{DA20A1AF-B953-49DD-9D64-B76D80A9E1DF}.Debug|x64.Build.0 = Debug|iPhoneSimulator
		{DA20A1AF-B953-49DD-9D64-B76D80A9E1DF}.Debug|x86.ActiveCfg = Debug|iPhoneSimulator
		{DA20A1AF-B953-49DD-9D64-B76D80A9E1DF}.Debug|x86.Build.0 = Debug|iPhoneSimulator
		{DA20A1AF-B953-49DD-9D64-B76D80A9E1DF}.Release|Any CPU.ActiveCfg = Release|iPhoneSimulator
		{DA20A1AF-B953-49DD-9D64-B76D80A9E1DF}.Release|Any CPU.Build.0 = Release|iPhoneSimulator
		{DA20A1AF-B953-49DD-9D64-B76D80A9E1DF}.Release|Any CPU.Deploy.0 = Release|iPhoneSimulator
		{DA20A1AF-B953-49DD-9D64-B76D80A9E1DF}.Release|ARM.ActiveCfg = Release|iPhone
		{DA20A1AF-B953-49DD-9D64-B76D80A9E1DF}.Release|ARM.Build.0 = Release|iPhone
		{DA20A1AF-B953-49DD-9D64-B76D80A9E1DF}.Release|ARM64.ActiveCfg = Release|iPhone
		{DA20A1AF-B953-49DD-9D64-B76D80A9E1DF}.Release|ARM64.Build.0 = Release|iPhone
		{DA20A1AF-B953-49DD-9D64-B76D80A9E1DF}.Release|iPhone.ActiveCfg = Release|iPhone
		{DA20A1AF-B953-49DD-9D64-B76D80A9E1DF}.Release|iPhone.Build.0 = Release|iPhone
		{DA20A1AF-B953-49DD-9D64-B76D80A9E1DF}.Release|iPhone.Deploy.0 = Release|iPhone
		{DA20A1AF-B953-49DD-9D64-B76D80A9E1DF}.Release|iPhoneSimulator.ActiveCfg = Release|iPhoneSimulator
		{DA20A1AF-B953-49DD-9D64-B76D80A9E1DF}.Release|iPhoneSimulator.Build.0 = Release|iPhoneSimulator
		{DA20A1AF-B953-49DD-9D64-B76D80A9E1DF}.Release|iPhoneSimulator.Deploy.0 = Release|iPhoneSimulator
		{DA20A1AF-B953-49DD-9D64-B76D80A9E1DF}.Release|x64.ActiveCfg = Release|iPhone
		{DA20A1AF-B953-49DD-9D64-B76D80A9E1DF}.Release|x64.Build.0 = Release|iPhone
		{DA20A1AF-B953-49DD-9D64-B76D80A9E1DF}.Release|x86.ActiveCfg = Release|iPhone
		{DA20A1AF-B953-49DD-9D64-B76D80A9E1DF}.Release|x86.Build.0 = Release|iPhone
		{EA0B7065-001D-48A3-A2A8-DD7E7F7AC32E}.Debug|Any CPU.ActiveCfg = Debug|Any CPU
		{EA0B7065-001D-48A3-A2A8-DD7E7F7AC32E}.Debug|Any CPU.Build.0 = Debug|Any CPU
		{EA0B7065-001D-48A3-A2A8-DD7E7F7AC32E}.Debug|Any CPU.Deploy.0 = Debug|Any CPU
		{EA0B7065-001D-48A3-A2A8-DD7E7F7AC32E}.Debug|ARM.ActiveCfg = Debug|Any CPU
		{EA0B7065-001D-48A3-A2A8-DD7E7F7AC32E}.Debug|ARM.Build.0 = Debug|Any CPU
		{EA0B7065-001D-48A3-A2A8-DD7E7F7AC32E}.Debug|ARM64.ActiveCfg = Debug|Any CPU
		{EA0B7065-001D-48A3-A2A8-DD7E7F7AC32E}.Debug|ARM64.Build.0 = Debug|Any CPU
		{EA0B7065-001D-48A3-A2A8-DD7E7F7AC32E}.Debug|iPhone.ActiveCfg = Debug|Any CPU
		{EA0B7065-001D-48A3-A2A8-DD7E7F7AC32E}.Debug|iPhone.Build.0 = Debug|Any CPU
		{EA0B7065-001D-48A3-A2A8-DD7E7F7AC32E}.Debug|iPhone.Deploy.0 = Debug|Any CPU
		{EA0B7065-001D-48A3-A2A8-DD7E7F7AC32E}.Debug|iPhoneSimulator.ActiveCfg = Debug|Any CPU
		{EA0B7065-001D-48A3-A2A8-DD7E7F7AC32E}.Debug|iPhoneSimulator.Build.0 = Debug|Any CPU
		{EA0B7065-001D-48A3-A2A8-DD7E7F7AC32E}.Debug|iPhoneSimulator.Deploy.0 = Debug|Any CPU
		{EA0B7065-001D-48A3-A2A8-DD7E7F7AC32E}.Debug|x64.ActiveCfg = Debug|Any CPU
		{EA0B7065-001D-48A3-A2A8-DD7E7F7AC32E}.Debug|x64.Build.0 = Debug|Any CPU
		{EA0B7065-001D-48A3-A2A8-DD7E7F7AC32E}.Debug|x86.ActiveCfg = Debug|Any CPU
		{EA0B7065-001D-48A3-A2A8-DD7E7F7AC32E}.Debug|x86.Build.0 = Debug|Any CPU
		{EA0B7065-001D-48A3-A2A8-DD7E7F7AC32E}.Release|Any CPU.ActiveCfg = Release|Any CPU
		{EA0B7065-001D-48A3-A2A8-DD7E7F7AC32E}.Release|Any CPU.Build.0 = Release|Any CPU
		{EA0B7065-001D-48A3-A2A8-DD7E7F7AC32E}.Release|Any CPU.Deploy.0 = Release|Any CPU
		{EA0B7065-001D-48A3-A2A8-DD7E7F7AC32E}.Release|ARM.ActiveCfg = Release|Any CPU
		{EA0B7065-001D-48A3-A2A8-DD7E7F7AC32E}.Release|ARM.Build.0 = Release|Any CPU
		{EA0B7065-001D-48A3-A2A8-DD7E7F7AC32E}.Release|ARM64.ActiveCfg = Release|Any CPU
		{EA0B7065-001D-48A3-A2A8-DD7E7F7AC32E}.Release|ARM64.Build.0 = Release|Any CPU
		{EA0B7065-001D-48A3-A2A8-DD7E7F7AC32E}.Release|iPhone.ActiveCfg = Release|Any CPU
		{EA0B7065-001D-48A3-A2A8-DD7E7F7AC32E}.Release|iPhone.Build.0 = Release|Any CPU
		{EA0B7065-001D-48A3-A2A8-DD7E7F7AC32E}.Release|iPhone.Deploy.0 = Release|Any CPU
		{EA0B7065-001D-48A3-A2A8-DD7E7F7AC32E}.Release|iPhoneSimulator.ActiveCfg = Release|Any CPU
		{EA0B7065-001D-48A3-A2A8-DD7E7F7AC32E}.Release|iPhoneSimulator.Build.0 = Release|Any CPU
		{EA0B7065-001D-48A3-A2A8-DD7E7F7AC32E}.Release|iPhoneSimulator.Deploy.0 = Release|Any CPU
		{EA0B7065-001D-48A3-A2A8-DD7E7F7AC32E}.Release|x64.ActiveCfg = Release|Any CPU
		{EA0B7065-001D-48A3-A2A8-DD7E7F7AC32E}.Release|x64.Build.0 = Release|Any CPU
		{EA0B7065-001D-48A3-A2A8-DD7E7F7AC32E}.Release|x86.ActiveCfg = Release|Any CPU
		{EA0B7065-001D-48A3-A2A8-DD7E7F7AC32E}.Release|x86.Build.0 = Release|Any CPU
	EndGlobalSection
	GlobalSection(SolutionProperties) = preSolution
		HideSolutionNode = FALSE
	EndGlobalSection
	GlobalSection(ExtensibilityGlobals) = postSolution
		SolutionGuid = {05F0DC99-34F0-4DCD-8CBF-67694392E53E}
	EndGlobalSection
EndGlobal
